
Microsoft Visual Studio Solution File, Format Version 12.00
# Visual Studio 2013
VisualStudioVersion = 12.0.40629.0
MinimumVisualStudioVersion = 10.0.40219.1
Project("{FAE04EC0-301F-11D3-BF4B-00C04F79EFBC}") = "Mindscape.Raygun4Net", "Mindscape.Raygun4Net\Mindscape.Raygun4Net.csproj", "{495E53B3-F3AF-4C4F-BAAF-865EFAA2F4A9}"
EndProject
Project("{FAE04EC0-301F-11D3-BF4B-00C04F79EFBC}") = "Mindscape.Raygun4Net.ClientProfile", "Mindscape.Raygun4Net.ClientProfile\Mindscape.Raygun4Net.ClientProfile.csproj", "{02E54566-EFB9-424E-8AE7-DC5E9D04E1CA}"
EndProject
Project("{FAE04EC0-301F-11D3-BF4B-00C04F79EFBC}") = "Mindscape.Raygun4Net.ClientProfile.Tests", "Mindscape.Raygun4Net.ClientProfile.Tests\Mindscape.Raygun4Net.ClientProfile.Tests.csproj", "{30696896-9463-441E-9789-C79F6BF7B793}"
EndProject
Project("{FAE04EC0-301F-11D3-BF4B-00C04F79EFBC}") = "Mindscape.Raygun4Net.Core", "Mindscape.Raygun4Net.Core\Mindscape.Raygun4Net.Core.csproj", "{6435C84C-1DAC-41FE-AA51-FAA8E9A7F090}"
EndProject
Project("{FAE04EC0-301F-11D3-BF4B-00C04F79EFBC}") = "Mindscape.Raygun4Net.Mvc", "Mindscape.Raygun4Net.Mvc\Mindscape.Raygun4Net.Mvc.csproj", "{2CF1FE1F-AD2D-40BD-9F99-57FF00445A9D}"
EndProject
Project("{FAE04EC0-301F-11D3-BF4B-00C04F79EFBC}") = "Mindscape.Raygun4Net.Mvc.Tests", "Mindscape.Raygun4Net.Mvc.Tests\Mindscape.Raygun4Net.Mvc.Tests.csproj", "{69BFF5D8-7B18-4685-B828-8DF2AADEA20D}"
EndProject
Project("{FAE04EC0-301F-11D3-BF4B-00C04F79EFBC}") = "Mindscape.Raygun4Net.Tests", "Mindscape.Raygun4Net.Tests\Mindscape.Raygun4Net.Tests.csproj", "{C6935911-2385-4788-B249-DB5CE1E3C1FE}"
EndProject
Project("{2150E333-8FDC-42A3-9474-1A3956D46DE8}") = "Tests", "Tests", "{056869D3-A722-4532-89DA-0FDCB2367437}"
EndProject
Project("{FAE04EC0-301F-11D3-BF4B-00C04F79EFBC}") = "Mindscape.Raygun4Net.WebApi", "Mindscape.Raygun4Net.WebApi\Mindscape.Raygun4Net.WebApi.csproj", "{5F72C401-B09D-46C4-873B-65F1B4B1AE09}"
EndProject
Project("{FAE04EC0-301F-11D3-BF4B-00C04F79EFBC}") = "Mindscape.Raygun4Net.WebApi.Tests", "Mindscape.Raygun4Net.WebApi.Tests\Mindscape.Raygun4Net.WebApi.Tests.csproj", "{80C7BB59-C753-4E64-9C8D-79B8D57C8215}"
EndProject
Project("{FAE04EC0-301F-11D3-BF4B-00C04F79EFBC}") = "Mindscape.Raygun4Net.WindowsStore", "Mindscape.Raygun4Net.WindowsStore\Mindscape.Raygun4Net.WindowsStore.csproj", "{804EC2ED-1A6E-4A3E-96FA-D490D860A76F}"
EndProject
Project("{FAE04EC0-301F-11D3-BF4B-00C04F79EFBC}") = "Mindscape.Raygun4Net.WindowsStore.Tests", "Mindscape.Raygun4Net.WindowsStore.Tests\Mindscape.Raygun4Net.WindowsStore.Tests.csproj", "{3262773F-6144-4B41-9F19-54348D4D216A}"
EndProject
Project("{FAE04EC0-301F-11D3-BF4B-00C04F79EFBC}") = "Mindscape.Raygun4Net2", "Mindscape.Raygun4Net2\Mindscape.Raygun4Net2.csproj", "{A80C73AC-B86C-4249-9402-9C6E6F7746A3}"
EndProject
Project("{FAE04EC0-301F-11D3-BF4B-00C04F79EFBC}") = "Mindscape.Raygun4Net2.Tests", "Mindscape.Raygun4Net2.Tests\Mindscape.Raygun4Net2.Tests.csproj", "{646D8D26-DDFC-42BD-B2A8-E027835ABC38}"
EndProject
Project("{FAE04EC0-301F-11D3-BF4B-00C04F79EFBC}") = "Mindscape.Raygun4Net4", "Mindscape.Raygun4Net4\Mindscape.Raygun4Net4.csproj", "{6D1C7E96-5E04-421D-8E8A-B3C8C02FD41D}"
EndProject
Project("{FAE04EC0-301F-11D3-BF4B-00C04F79EFBC}") = "Mindscape.Raygun4Net4.ClientProfile", "Mindscape.Raygun4Net4.ClientProfile\Mindscape.Raygun4Net4.ClientProfile.csproj", "{A658C5BB-B1CE-408D-A4BF-5E17EC0C74A0}"
EndProject
Project("{FAE04EC0-301F-11D3-BF4B-00C04F79EFBC}") = "Mindscape.Raygun4Net4.ClientProfile.Tests", "Mindscape.Raygun4Net4.ClientProfile.Tests\Mindscape.Raygun4Net4.ClientProfile.Tests.csproj", "{046F330F-D640-452C-A0CB-C88A8E87C7F1}"
EndProject
Project("{FAE04EC0-301F-11D3-BF4B-00C04F79EFBC}") = "Mindscape.Raygun4Net4.Tests", "Mindscape.Raygun4Net4.Tests\Mindscape.Raygun4Net4.Tests.csproj", "{BC560F66-B06E-4C85-AC05-B889165AA818}"
EndProject
Global
	GlobalSection(SolutionConfigurationPlatforms) = preSolution
		Debug|Any CPU = Debug|Any CPU
		Debug|ARM = Debug|ARM
		Debug|x86 = Debug|x86
		Release|Any CPU = Release|Any CPU
		Release|ARM = Release|ARM
		Release|x86 = Release|x86
		Sign|Any CPU = Sign|Any CPU
		Sign|ARM = Sign|ARM
		Sign|x86 = Sign|x86
	EndGlobalSection
	GlobalSection(ProjectConfigurationPlatforms) = postSolution
		{495E53B3-F3AF-4C4F-BAAF-865EFAA2F4A9}.Debug|Any CPU.ActiveCfg = Debug|Any CPU
		{495E53B3-F3AF-4C4F-BAAF-865EFAA2F4A9}.Debug|Any CPU.Build.0 = Debug|Any CPU
		{495E53B3-F3AF-4C4F-BAAF-865EFAA2F4A9}.Debug|ARM.ActiveCfg = Debug|Any CPU
		{495E53B3-F3AF-4C4F-BAAF-865EFAA2F4A9}.Debug|x86.ActiveCfg = Debug|Any CPU
		{495E53B3-F3AF-4C4F-BAAF-865EFAA2F4A9}.Release|Any CPU.ActiveCfg = Release|Any CPU
		{495E53B3-F3AF-4C4F-BAAF-865EFAA2F4A9}.Release|Any CPU.Build.0 = Release|Any CPU
		{495E53B3-F3AF-4C4F-BAAF-865EFAA2F4A9}.Release|ARM.ActiveCfg = Release|Any CPU
		{495E53B3-F3AF-4C4F-BAAF-865EFAA2F4A9}.Release|x86.ActiveCfg = Release|Any CPU
		{495E53B3-F3AF-4C4F-BAAF-865EFAA2F4A9}.Sign|Any CPU.ActiveCfg = Sign|Any CPU
		{495E53B3-F3AF-4C4F-BAAF-865EFAA2F4A9}.Sign|Any CPU.Build.0 = Sign|Any CPU
		{495E53B3-F3AF-4C4F-BAAF-865EFAA2F4A9}.Sign|ARM.ActiveCfg = Sign|Any CPU
		{495E53B3-F3AF-4C4F-BAAF-865EFAA2F4A9}.Sign|x86.ActiveCfg = Sign|Any CPU
		{02E54566-EFB9-424E-8AE7-DC5E9D04E1CA}.Debug|Any CPU.ActiveCfg = Debug|Any CPU
		{02E54566-EFB9-424E-8AE7-DC5E9D04E1CA}.Debug|Any CPU.Build.0 = Debug|Any CPU
		{02E54566-EFB9-424E-8AE7-DC5E9D04E1CA}.Debug|ARM.ActiveCfg = Debug|Any CPU
		{02E54566-EFB9-424E-8AE7-DC5E9D04E1CA}.Debug|x86.ActiveCfg = Debug|Any CPU
		{02E54566-EFB9-424E-8AE7-DC5E9D04E1CA}.Release|Any CPU.ActiveCfg = Release|Any CPU
		{02E54566-EFB9-424E-8AE7-DC5E9D04E1CA}.Release|Any CPU.Build.0 = Release|Any CPU
		{02E54566-EFB9-424E-8AE7-DC5E9D04E1CA}.Release|ARM.ActiveCfg = Release|Any CPU
		{02E54566-EFB9-424E-8AE7-DC5E9D04E1CA}.Release|x86.ActiveCfg = Release|Any CPU
		{02E54566-EFB9-424E-8AE7-DC5E9D04E1CA}.Sign|Any CPU.ActiveCfg = Sign|Any CPU
		{02E54566-EFB9-424E-8AE7-DC5E9D04E1CA}.Sign|Any CPU.Build.0 = Sign|Any CPU
		{02E54566-EFB9-424E-8AE7-DC5E9D04E1CA}.Sign|ARM.ActiveCfg = Sign|Any CPU
		{02E54566-EFB9-424E-8AE7-DC5E9D04E1CA}.Sign|x86.ActiveCfg = Sign|Any CPU
		{30696896-9463-441E-9789-C79F6BF7B793}.Debug|Any CPU.ActiveCfg = Debug|Any CPU
		{30696896-9463-441E-9789-C79F6BF7B793}.Debug|Any CPU.Build.0 = Debug|Any CPU
		{30696896-9463-441E-9789-C79F6BF7B793}.Debug|ARM.ActiveCfg = Debug|Any CPU
		{30696896-9463-441E-9789-C79F6BF7B793}.Debug|x86.ActiveCfg = Debug|Any CPU
		{30696896-9463-441E-9789-C79F6BF7B793}.Release|Any CPU.ActiveCfg = Release|Any CPU
		{30696896-9463-441E-9789-C79F6BF7B793}.Release|Any CPU.Build.0 = Release|Any CPU
		{30696896-9463-441E-9789-C79F6BF7B793}.Release|ARM.ActiveCfg = Release|Any CPU
		{30696896-9463-441E-9789-C79F6BF7B793}.Release|x86.ActiveCfg = Release|Any CPU
		{30696896-9463-441E-9789-C79F6BF7B793}.Sign|Any CPU.ActiveCfg = Release|Any CPU
		{30696896-9463-441E-9789-C79F6BF7B793}.Sign|Any CPU.Build.0 = Release|Any CPU
		{30696896-9463-441E-9789-C79F6BF7B793}.Sign|ARM.ActiveCfg = Release|Any CPU
		{30696896-9463-441E-9789-C79F6BF7B793}.Sign|x86.ActiveCfg = Release|Any CPU
		{6435C84C-1DAC-41FE-AA51-FAA8E9A7F090}.Debug|Any CPU.ActiveCfg = Debug|Any CPU
		{6435C84C-1DAC-41FE-AA51-FAA8E9A7F090}.Debug|Any CPU.Build.0 = Debug|Any CPU
		{6435C84C-1DAC-41FE-AA51-FAA8E9A7F090}.Debug|ARM.ActiveCfg = Debug|Any CPU
		{6435C84C-1DAC-41FE-AA51-FAA8E9A7F090}.Debug|x86.ActiveCfg = Debug|Any CPU
		{6435C84C-1DAC-41FE-AA51-FAA8E9A7F090}.Release|Any CPU.ActiveCfg = Release|Any CPU
		{6435C84C-1DAC-41FE-AA51-FAA8E9A7F090}.Release|Any CPU.Build.0 = Release|Any CPU
		{6435C84C-1DAC-41FE-AA51-FAA8E9A7F090}.Release|ARM.ActiveCfg = Release|Any CPU
		{6435C84C-1DAC-41FE-AA51-FAA8E9A7F090}.Release|x86.ActiveCfg = Release|Any CPU
		{6435C84C-1DAC-41FE-AA51-FAA8E9A7F090}.Sign|Any CPU.ActiveCfg = Sign|Any CPU
		{6435C84C-1DAC-41FE-AA51-FAA8E9A7F090}.Sign|Any CPU.Build.0 = Sign|Any CPU
		{6435C84C-1DAC-41FE-AA51-FAA8E9A7F090}.Sign|ARM.ActiveCfg = Sign|Any CPU
		{6435C84C-1DAC-41FE-AA51-FAA8E9A7F090}.Sign|x86.ActiveCfg = Sign|Any CPU
		{2CF1FE1F-AD2D-40BD-9F99-57FF00445A9D}.Debug|Any CPU.ActiveCfg = Debug|Any CPU
		{2CF1FE1F-AD2D-40BD-9F99-57FF00445A9D}.Debug|Any CPU.Build.0 = Debug|Any CPU
		{2CF1FE1F-AD2D-40BD-9F99-57FF00445A9D}.Debug|ARM.ActiveCfg = Debug|Any CPU
		{2CF1FE1F-AD2D-40BD-9F99-57FF00445A9D}.Debug|x86.ActiveCfg = Debug|Any CPU
		{2CF1FE1F-AD2D-40BD-9F99-57FF00445A9D}.Release|Any CPU.ActiveCfg = Release|Any CPU
		{2CF1FE1F-AD2D-40BD-9F99-57FF00445A9D}.Release|Any CPU.Build.0 = Release|Any CPU
		{2CF1FE1F-AD2D-40BD-9F99-57FF00445A9D}.Release|ARM.ActiveCfg = Release|Any CPU
		{2CF1FE1F-AD2D-40BD-9F99-57FF00445A9D}.Release|x86.ActiveCfg = Release|Any CPU
		{2CF1FE1F-AD2D-40BD-9F99-57FF00445A9D}.Sign|Any CPU.ActiveCfg = Release|Any CPU
		{2CF1FE1F-AD2D-40BD-9F99-57FF00445A9D}.Sign|Any CPU.Build.0 = Release|Any CPU
		{2CF1FE1F-AD2D-40BD-9F99-57FF00445A9D}.Sign|ARM.ActiveCfg = Release|Any CPU
		{2CF1FE1F-AD2D-40BD-9F99-57FF00445A9D}.Sign|x86.ActiveCfg = Release|Any CPU
		{69BFF5D8-7B18-4685-B828-8DF2AADEA20D}.Debug|Any CPU.ActiveCfg = Debug|Any CPU
		{69BFF5D8-7B18-4685-B828-8DF2AADEA20D}.Debug|Any CPU.Build.0 = Debug|Any CPU
		{69BFF5D8-7B18-4685-B828-8DF2AADEA20D}.Debug|ARM.ActiveCfg = Debug|Any CPU
		{69BFF5D8-7B18-4685-B828-8DF2AADEA20D}.Debug|x86.ActiveCfg = Debug|Any CPU
		{69BFF5D8-7B18-4685-B828-8DF2AADEA20D}.Release|Any CPU.ActiveCfg = Release|Any CPU
		{69BFF5D8-7B18-4685-B828-8DF2AADEA20D}.Release|Any CPU.Build.0 = Release|Any CPU
		{69BFF5D8-7B18-4685-B828-8DF2AADEA20D}.Release|ARM.ActiveCfg = Release|Any CPU
		{69BFF5D8-7B18-4685-B828-8DF2AADEA20D}.Release|x86.ActiveCfg = Release|Any CPU
		{69BFF5D8-7B18-4685-B828-8DF2AADEA20D}.Sign|Any CPU.ActiveCfg = Release|Any CPU
		{69BFF5D8-7B18-4685-B828-8DF2AADEA20D}.Sign|Any CPU.Build.0 = Release|Any CPU
		{69BFF5D8-7B18-4685-B828-8DF2AADEA20D}.Sign|ARM.ActiveCfg = Release|Any CPU
		{69BFF5D8-7B18-4685-B828-8DF2AADEA20D}.Sign|x86.ActiveCfg = Release|Any CPU
		{C6935911-2385-4788-B249-DB5CE1E3C1FE}.Debug|Any CPU.ActiveCfg = Debug|Any CPU
		{C6935911-2385-4788-B249-DB5CE1E3C1FE}.Debug|Any CPU.Build.0 = Debug|Any CPU
		{C6935911-2385-4788-B249-DB5CE1E3C1FE}.Debug|ARM.ActiveCfg = Debug|Any CPU
		{C6935911-2385-4788-B249-DB5CE1E3C1FE}.Debug|x86.ActiveCfg = Debug|Any CPU
		{C6935911-2385-4788-B249-DB5CE1E3C1FE}.Release|Any CPU.ActiveCfg = Release|Any CPU
		{C6935911-2385-4788-B249-DB5CE1E3C1FE}.Release|Any CPU.Build.0 = Release|Any CPU
		{C6935911-2385-4788-B249-DB5CE1E3C1FE}.Release|ARM.ActiveCfg = Release|Any CPU
		{C6935911-2385-4788-B249-DB5CE1E3C1FE}.Release|x86.ActiveCfg = Release|Any CPU
		{C6935911-2385-4788-B249-DB5CE1E3C1FE}.Sign|Any CPU.ActiveCfg = Release|Any CPU
		{C6935911-2385-4788-B249-DB5CE1E3C1FE}.Sign|Any CPU.Build.0 = Release|Any CPU
		{C6935911-2385-4788-B249-DB5CE1E3C1FE}.Sign|ARM.ActiveCfg = Release|Any CPU
		{C6935911-2385-4788-B249-DB5CE1E3C1FE}.Sign|x86.ActiveCfg = Release|Any CPU
		{5F72C401-B09D-46C4-873B-65F1B4B1AE09}.Debug|Any CPU.ActiveCfg = Debug|Any CPU
		{5F72C401-B09D-46C4-873B-65F1B4B1AE09}.Debug|Any CPU.Build.0 = Debug|Any CPU
		{5F72C401-B09D-46C4-873B-65F1B4B1AE09}.Debug|ARM.ActiveCfg = Debug|Any CPU
		{5F72C401-B09D-46C4-873B-65F1B4B1AE09}.Debug|x86.ActiveCfg = Debug|Any CPU
		{5F72C401-B09D-46C4-873B-65F1B4B1AE09}.Release|Any CPU.ActiveCfg = Release|Any CPU
		{5F72C401-B09D-46C4-873B-65F1B4B1AE09}.Release|Any CPU.Build.0 = Release|Any CPU
		{5F72C401-B09D-46C4-873B-65F1B4B1AE09}.Release|ARM.ActiveCfg = Release|Any CPU
		{5F72C401-B09D-46C4-873B-65F1B4B1AE09}.Release|x86.ActiveCfg = Release|Any CPU
		{5F72C401-B09D-46C4-873B-65F1B4B1AE09}.Sign|Any CPU.ActiveCfg = Release|Any CPU
		{5F72C401-B09D-46C4-873B-65F1B4B1AE09}.Sign|Any CPU.Build.0 = Release|Any CPU
		{5F72C401-B09D-46C4-873B-65F1B4B1AE09}.Sign|ARM.ActiveCfg = Release|Any CPU
		{5F72C401-B09D-46C4-873B-65F1B4B1AE09}.Sign|x86.ActiveCfg = Release|Any CPU
		{80C7BB59-C753-4E64-9C8D-79B8D57C8215}.Debug|Any CPU.ActiveCfg = Debug|Any CPU
		{80C7BB59-C753-4E64-9C8D-79B8D57C8215}.Debug|Any CPU.Build.0 = Debug|Any CPU
		{80C7BB59-C753-4E64-9C8D-79B8D57C8215}.Debug|ARM.ActiveCfg = Debug|Any CPU
		{80C7BB59-C753-4E64-9C8D-79B8D57C8215}.Debug|x86.ActiveCfg = Debug|Any CPU
		{80C7BB59-C753-4E64-9C8D-79B8D57C8215}.Release|Any CPU.ActiveCfg = Release|Any CPU
		{80C7BB59-C753-4E64-9C8D-79B8D57C8215}.Release|Any CPU.Build.0 = Release|Any CPU
		{80C7BB59-C753-4E64-9C8D-79B8D57C8215}.Release|ARM.ActiveCfg = Release|Any CPU
		{80C7BB59-C753-4E64-9C8D-79B8D57C8215}.Release|x86.ActiveCfg = Release|Any CPU
		{80C7BB59-C753-4E64-9C8D-79B8D57C8215}.Sign|Any CPU.ActiveCfg = Release|Any CPU
		{80C7BB59-C753-4E64-9C8D-79B8D57C8215}.Sign|Any CPU.Build.0 = Release|Any CPU
		{80C7BB59-C753-4E64-9C8D-79B8D57C8215}.Sign|ARM.ActiveCfg = Release|Any CPU
		{80C7BB59-C753-4E64-9C8D-79B8D57C8215}.Sign|x86.ActiveCfg = Release|Any CPU
		{804EC2ED-1A6E-4A3E-96FA-D490D860A76F}.Debug|Any CPU.ActiveCfg = Debug|Any CPU
		{804EC2ED-1A6E-4A3E-96FA-D490D860A76F}.Debug|Any CPU.Build.0 = Debug|Any CPU
		{804EC2ED-1A6E-4A3E-96FA-D490D860A76F}.Debug|ARM.ActiveCfg = Debug|ARM
		{804EC2ED-1A6E-4A3E-96FA-D490D860A76F}.Debug|ARM.Build.0 = Debug|ARM
		{804EC2ED-1A6E-4A3E-96FA-D490D860A76F}.Debug|x86.ActiveCfg = Debug|x86
		{804EC2ED-1A6E-4A3E-96FA-D490D860A76F}.Debug|x86.Build.0 = Debug|x86
		{804EC2ED-1A6E-4A3E-96FA-D490D860A76F}.Release|Any CPU.ActiveCfg = Release|Any CPU
		{804EC2ED-1A6E-4A3E-96FA-D490D860A76F}.Release|Any CPU.Build.0 = Release|Any CPU
		{804EC2ED-1A6E-4A3E-96FA-D490D860A76F}.Release|ARM.ActiveCfg = Release|ARM
		{804EC2ED-1A6E-4A3E-96FA-D490D860A76F}.Release|ARM.Build.0 = Release|ARM
		{804EC2ED-1A6E-4A3E-96FA-D490D860A76F}.Release|x86.ActiveCfg = Release|x86
		{804EC2ED-1A6E-4A3E-96FA-D490D860A76F}.Release|x86.Build.0 = Release|x86
		{804EC2ED-1A6E-4A3E-96FA-D490D860A76F}.Sign|Any CPU.ActiveCfg = Sign|Any CPU
		{804EC2ED-1A6E-4A3E-96FA-D490D860A76F}.Sign|Any CPU.Build.0 = Sign|Any CPU
		{804EC2ED-1A6E-4A3E-96FA-D490D860A76F}.Sign|ARM.ActiveCfg = Sign|ARM
		{804EC2ED-1A6E-4A3E-96FA-D490D860A76F}.Sign|ARM.Build.0 = Sign|ARM
		{804EC2ED-1A6E-4A3E-96FA-D490D860A76F}.Sign|x86.ActiveCfg = Sign|x86
		{804EC2ED-1A6E-4A3E-96FA-D490D860A76F}.Sign|x86.Build.0 = Sign|x86
		{3262773F-6144-4B41-9F19-54348D4D216A}.Debug|Any CPU.ActiveCfg = Debug|Any CPU
		{3262773F-6144-4B41-9F19-54348D4D216A}.Debug|Any CPU.Build.0 = Debug|Any CPU
		{3262773F-6144-4B41-9F19-54348D4D216A}.Debug|ARM.ActiveCfg = Debug|ARM
		{3262773F-6144-4B41-9F19-54348D4D216A}.Debug|ARM.Build.0 = Debug|ARM
		{3262773F-6144-4B41-9F19-54348D4D216A}.Debug|x86.ActiveCfg = Debug|x86
		{3262773F-6144-4B41-9F19-54348D4D216A}.Debug|x86.Build.0 = Debug|x86
		{3262773F-6144-4B41-9F19-54348D4D216A}.Release|Any CPU.ActiveCfg = Release|Any CPU
		{3262773F-6144-4B41-9F19-54348D4D216A}.Release|Any CPU.Build.0 = Release|Any CPU
		{3262773F-6144-4B41-9F19-54348D4D216A}.Release|ARM.ActiveCfg = Release|ARM
		{3262773F-6144-4B41-9F19-54348D4D216A}.Release|ARM.Build.0 = Release|ARM
		{3262773F-6144-4B41-9F19-54348D4D216A}.Release|x86.ActiveCfg = Release|x86
		{3262773F-6144-4B41-9F19-54348D4D216A}.Release|x86.Build.0 = Release|x86
		{3262773F-6144-4B41-9F19-54348D4D216A}.Sign|Any CPU.ActiveCfg = Sign|Any CPU
		{3262773F-6144-4B41-9F19-54348D4D216A}.Sign|Any CPU.Build.0 = Sign|Any CPU
		{3262773F-6144-4B41-9F19-54348D4D216A}.Sign|ARM.ActiveCfg = Sign|ARM
		{3262773F-6144-4B41-9F19-54348D4D216A}.Sign|ARM.Build.0 = Sign|ARM
		{3262773F-6144-4B41-9F19-54348D4D216A}.Sign|x86.ActiveCfg = Sign|x86
		{3262773F-6144-4B41-9F19-54348D4D216A}.Sign|x86.Build.0 = Sign|x86
		{A80C73AC-B86C-4249-9402-9C6E6F7746A3}.Debug|Any CPU.ActiveCfg = Debug|Any CPU
		{A80C73AC-B86C-4249-9402-9C6E6F7746A3}.Debug|Any CPU.Build.0 = Debug|Any CPU
		{A80C73AC-B86C-4249-9402-9C6E6F7746A3}.Debug|ARM.ActiveCfg = Debug|Any CPU
		{A80C73AC-B86C-4249-9402-9C6E6F7746A3}.Debug|x86.ActiveCfg = Debug|Any CPU
		{A80C73AC-B86C-4249-9402-9C6E6F7746A3}.Release|Any CPU.ActiveCfg = Release|Any CPU
		{A80C73AC-B86C-4249-9402-9C6E6F7746A3}.Release|Any CPU.Build.0 = Release|Any CPU
		{A80C73AC-B86C-4249-9402-9C6E6F7746A3}.Release|ARM.ActiveCfg = Release|Any CPU
		{A80C73AC-B86C-4249-9402-9C6E6F7746A3}.Release|x86.ActiveCfg = Release|Any CPU
		{A80C73AC-B86C-4249-9402-9C6E6F7746A3}.Sign|Any CPU.ActiveCfg = Sign|Any CPU
		{A80C73AC-B86C-4249-9402-9C6E6F7746A3}.Sign|Any CPU.Build.0 = Sign|Any CPU
		{A80C73AC-B86C-4249-9402-9C6E6F7746A3}.Sign|ARM.ActiveCfg = Sign|Any CPU
		{A80C73AC-B86C-4249-9402-9C6E6F7746A3}.Sign|x86.ActiveCfg = Sign|Any CPU
		{646D8D26-DDFC-42BD-B2A8-E027835ABC38}.Debug|Any CPU.ActiveCfg = Debug|Any CPU
		{646D8D26-DDFC-42BD-B2A8-E027835ABC38}.Debug|Any CPU.Build.0 = Debug|Any CPU
		{646D8D26-DDFC-42BD-B2A8-E027835ABC38}.Debug|ARM.ActiveCfg = Debug|Any CPU
		{646D8D26-DDFC-42BD-B2A8-E027835ABC38}.Debug|x86.ActiveCfg = Debug|Any CPU
		{646D8D26-DDFC-42BD-B2A8-E027835ABC38}.Release|Any CPU.ActiveCfg = Release|Any CPU
		{646D8D26-DDFC-42BD-B2A8-E027835ABC38}.Release|Any CPU.Build.0 = Release|Any CPU
		{646D8D26-DDFC-42BD-B2A8-E027835ABC38}.Release|ARM.ActiveCfg = Release|Any CPU
		{646D8D26-DDFC-42BD-B2A8-E027835ABC38}.Release|x86.ActiveCfg = Release|Any CPU
		{646D8D26-DDFC-42BD-B2A8-E027835ABC38}.Sign|Any CPU.ActiveCfg = Sign|Any CPU
		{646D8D26-DDFC-42BD-B2A8-E027835ABC38}.Sign|Any CPU.Build.0 = Sign|Any CPU
		{646D8D26-DDFC-42BD-B2A8-E027835ABC38}.Sign|ARM.ActiveCfg = Sign|Any CPU
		{646D8D26-DDFC-42BD-B2A8-E027835ABC38}.Sign|x86.ActiveCfg = Sign|Any CPU
		{6D1C7E96-5E04-421D-8E8A-B3C8C02FD41D}.Debug|Any CPU.ActiveCfg = Debug|Any CPU
		{6D1C7E96-5E04-421D-8E8A-B3C8C02FD41D}.Debug|Any CPU.Build.0 = Debug|Any CPU
		{6D1C7E96-5E04-421D-8E8A-B3C8C02FD41D}.Debug|ARM.ActiveCfg = Debug|Any CPU
		{6D1C7E96-5E04-421D-8E8A-B3C8C02FD41D}.Debug|x86.ActiveCfg = Debug|Any CPU
		{6D1C7E96-5E04-421D-8E8A-B3C8C02FD41D}.Release|Any CPU.ActiveCfg = Release|Any CPU
		{6D1C7E96-5E04-421D-8E8A-B3C8C02FD41D}.Release|Any CPU.Build.0 = Release|Any CPU
		{6D1C7E96-5E04-421D-8E8A-B3C8C02FD41D}.Release|ARM.ActiveCfg = Release|Any CPU
		{6D1C7E96-5E04-421D-8E8A-B3C8C02FD41D}.Release|x86.ActiveCfg = Release|Any CPU
		{6D1C7E96-5E04-421D-8E8A-B3C8C02FD41D}.Sign|Any CPU.ActiveCfg = Sign|Any CPU
		{6D1C7E96-5E04-421D-8E8A-B3C8C02FD41D}.Sign|Any CPU.Build.0 = Sign|Any CPU
		{6D1C7E96-5E04-421D-8E8A-B3C8C02FD41D}.Sign|ARM.ActiveCfg = Sign|Any CPU
		{6D1C7E96-5E04-421D-8E8A-B3C8C02FD41D}.Sign|x86.ActiveCfg = Sign|Any CPU
		{A658C5BB-B1CE-408D-A4BF-5E17EC0C74A0}.Debug|Any CPU.ActiveCfg = Debug|Any CPU
		{A658C5BB-B1CE-408D-A4BF-5E17EC0C74A0}.Debug|Any CPU.Build.0 = Debug|Any CPU
		{A658C5BB-B1CE-408D-A4BF-5E17EC0C74A0}.Debug|ARM.ActiveCfg = Debug|Any CPU
		{A658C5BB-B1CE-408D-A4BF-5E17EC0C74A0}.Debug|x86.ActiveCfg = Debug|Any CPU
		{A658C5BB-B1CE-408D-A4BF-5E17EC0C74A0}.Release|Any CPU.ActiveCfg = Release|Any CPU
		{A658C5BB-B1CE-408D-A4BF-5E17EC0C74A0}.Release|Any CPU.Build.0 = Release|Any CPU
		{A658C5BB-B1CE-408D-A4BF-5E17EC0C74A0}.Release|ARM.ActiveCfg = Release|Any CPU
		{A658C5BB-B1CE-408D-A4BF-5E17EC0C74A0}.Release|x86.ActiveCfg = Release|Any CPU
		{A658C5BB-B1CE-408D-A4BF-5E17EC0C74A0}.Sign|Any CPU.ActiveCfg = Sign|Any CPU
		{A658C5BB-B1CE-408D-A4BF-5E17EC0C74A0}.Sign|Any CPU.Build.0 = Sign|Any CPU
		{A658C5BB-B1CE-408D-A4BF-5E17EC0C74A0}.Sign|ARM.ActiveCfg = Sign|Any CPU
		{A658C5BB-B1CE-408D-A4BF-5E17EC0C74A0}.Sign|x86.ActiveCfg = Sign|Any CPU
		{046F330F-D640-452C-A0CB-C88A8E87C7F1}.Debug|Any CPU.ActiveCfg = Debug|Any CPU
		{046F330F-D640-452C-A0CB-C88A8E87C7F1}.Debug|Any CPU.Build.0 = Debug|Any CPU
		{046F330F-D640-452C-A0CB-C88A8E87C7F1}.Debug|ARM.ActiveCfg = Debug|Any CPU
		{046F330F-D640-452C-A0CB-C88A8E87C7F1}.Debug|x86.ActiveCfg = Debug|Any CPU
		{046F330F-D640-452C-A0CB-C88A8E87C7F1}.Release|Any CPU.ActiveCfg = Release|Any CPU
		{046F330F-D640-452C-A0CB-C88A8E87C7F1}.Release|Any CPU.Build.0 = Release|Any CPU
		{046F330F-D640-452C-A0CB-C88A8E87C7F1}.Release|ARM.ActiveCfg = Release|Any CPU
		{046F330F-D640-452C-A0CB-C88A8E87C7F1}.Release|x86.ActiveCfg = Release|Any CPU
		{046F330F-D640-452C-A0CB-C88A8E87C7F1}.Sign|Any CPU.ActiveCfg = Release|Any CPU
		{046F330F-D640-452C-A0CB-C88A8E87C7F1}.Sign|Any CPU.Build.0 = Release|Any CPU
		{046F330F-D640-452C-A0CB-C88A8E87C7F1}.Sign|ARM.ActiveCfg = Release|Any CPU
		{046F330F-D640-452C-A0CB-C88A8E87C7F1}.Sign|x86.ActiveCfg = Release|Any CPU
		{BC560F66-B06E-4C85-AC05-B889165AA818}.Debug|Any CPU.ActiveCfg = Debug|Any CPU
		{BC560F66-B06E-4C85-AC05-B889165AA818}.Debug|Any CPU.Build.0 = Debug|Any CPU
		{BC560F66-B06E-4C85-AC05-B889165AA818}.Debug|ARM.ActiveCfg = Debug|Any CPU
		{BC560F66-B06E-4C85-AC05-B889165AA818}.Debug|x86.ActiveCfg = Debug|Any CPU
		{BC560F66-B06E-4C85-AC05-B889165AA818}.Release|Any CPU.ActiveCfg = Release|Any CPU
		{BC560F66-B06E-4C85-AC05-B889165AA818}.Release|Any CPU.Build.0 = Release|Any CPU
		{BC560F66-B06E-4C85-AC05-B889165AA818}.Release|ARM.ActiveCfg = Release|Any CPU
		{BC560F66-B06E-4C85-AC05-B889165AA818}.Release|x86.ActiveCfg = Release|Any CPU
		{BC560F66-B06E-4C85-AC05-B889165AA818}.Sign|Any CPU.ActiveCfg = Release|Any CPU
		{BC560F66-B06E-4C85-AC05-B889165AA818}.Sign|Any CPU.Build.0 = Release|Any CPU
		{BC560F66-B06E-4C85-AC05-B889165AA818}.Sign|ARM.ActiveCfg = Release|Any CPU
		{BC560F66-B06E-4C85-AC05-B889165AA818}.Sign|x86.ActiveCfg = Release|Any CPU
	EndGlobalSection
	GlobalSection(SolutionProperties) = preSolution
		HideSolutionNode = FALSE
	EndGlobalSection
	GlobalSection(NestedProjects) = preSolution
		{30696896-9463-441E-9789-C79F6BF7B793} = {056869D3-A722-4532-89DA-0FDCB2367437}
		{69BFF5D8-7B18-4685-B828-8DF2AADEA20D} = {056869D3-A722-4532-89DA-0FDCB2367437}
		{C6935911-2385-4788-B249-DB5CE1E3C1FE} = {056869D3-A722-4532-89DA-0FDCB2367437}
		{80C7BB59-C753-4E64-9C8D-79B8D57C8215} = {056869D3-A722-4532-89DA-0FDCB2367437}
		{3262773F-6144-4B41-9F19-54348D4D216A} = {056869D3-A722-4532-89DA-0FDCB2367437}
		{646D8D26-DDFC-42BD-B2A8-E027835ABC38} = {056869D3-A722-4532-89DA-0FDCB2367437}
		{046F330F-D640-452C-A0CB-C88A8E87C7F1} = {056869D3-A722-4532-89DA-0FDCB2367437}
		{BC560F66-B06E-4C85-AC05-B889165AA818} = {056869D3-A722-4532-89DA-0FDCB2367437}
	EndGlobalSection
EndGlobal
