
Microsoft Visual Studio Solution File, Format Version 12.00
# Visual Studio 2013
VisualStudioVersion = 12.0.31101.0
MinimumVisualStudioVersion = 10.0.40219.1
Project("{FAE04EC0-301F-11D3-BF4B-00C04F79EFBC}") = "Mindscape.Raygun4Net.Owin", "Mindscape.Raygun4Net.Owin\Mindscape.Raygun4Net.Owin.csproj", "{39B00F9A-C6ED-4CDA-8D24-61E22C8CA306}"
EndProject
Project("{FAE04EC0-301F-11D3-BF4B-00C04F79EFBC}") = "Mindscape.Raygun4Net.Core", "Mindscape.Raygun4Net.Core\Mindscape.Raygun4Net.Core.csproj", "{6435C84C-1DAC-41FE-AA51-FAA8E9A7F090}"
EndProject
Project("{2150E333-8FDC-42A3-9474-1A3956D46DE8}") = ".nuget", ".nuget", "{1F45966D-877B-431D-A06B-5AEA5DC96397}"
	ProjectSection(SolutionItems) = preProject
		.nuget\packages.config = .nuget\packages.config
	EndProjectSection
EndProject
Global
	GlobalSection(SolutionConfigurationPlatforms) = preSolution
		Debug|Any CPU = Debug|Any CPU
		Release|Any CPU = Release|Any CPU
	EndGlobalSection
	GlobalSection(ProjectConfigurationPlatforms) = postSolution
		{39B00F9A-C6ED-4CDA-8D24-61E22C8CA306}.Debug|Any CPU.ActiveCfg = Debug|Any CPU
		{39B00F9A-C6ED-4CDA-8D24-61E22C8CA306}.Debug|Any CPU.Build.0 = Debug|Any CPU
		{39B00F9A-C6ED-4CDA-8D24-61E22C8CA306}.Release|Any CPU.ActiveCfg = Release|Any CPU
		{39B00F9A-C6ED-4CDA-8D24-61E22C8CA306}.Release|Any CPU.Build.0 = Release|Any CPU
		{6435C84C-1DAC-41FE-AA51-FAA8E9A7F090}.Debug|Any CPU.ActiveCfg = Debug|Any CPU
		{6435C84C-1DAC-41FE-AA51-FAA8E9A7F090}.Debug|Any CPU.Build.0 = Debug|Any CPU
		{6435C84C-1DAC-41FE-AA51-FAA8E9A7F090}.Release|Any CPU.ActiveCfg = Release|Any CPU
		{6435C84C-1DAC-41FE-AA51-FAA8E9A7F090}.Release|Any CPU.Build.0 = Release|Any CPU
	EndGlobalSection
	GlobalSection(SolutionProperties) = preSolution
		HideSolutionNode = FALSE
	EndGlobalSection
EndGlobal
