
Microsoft Visual Studio Solution File, Format Version 12.00
# Visual Studio 2012
Project("{FAE04EC0-301F-11D3-BF4B-00C04F79EFBC}") = "Mindscape.Raygun4Net2", "Mindscape.Raygun4Net2\Mindscape.Raygun4Net2.csproj", "{A80C73AC-B86C-4249-9402-9C6E6F7746A3}"
EndProject
Global
	GlobalSection(SolutionConfigurationPlatforms) = preSolution
		Debug|Any CPU = Debug|Any CPU
		Release|Any CPU = Release|Any CPU
	EndGlobalSection
	GlobalSection(ProjectConfigurationPlatforms) = postSolution
		{A80C73AC-B86C-4249-9402-9C6E6F7746A3}.Debug|Any CPU.ActiveCfg = Debug|Any CPU
		{A80C73AC-B86C-4249-9402-9C6E6F7746A3}.Debug|Any CPU.Build.0 = Debug|Any CPU
		{A80C73AC-B86C-4249-9402-9C6E6F7746A3}.Release|Any CPU.ActiveCfg = Release|Any CPU
		{A80C73AC-B86C-4249-9402-9C6E6F7746A3}.Release|Any CPU.Build.0 = Release|Any CPU
	EndGlobalSection
	GlobalSection(SolutionProperties) = preSolution
		HideSolutionNode = FALSE
	EndGlobalSection
EndGlobal
