
Microsoft Visual Studio Solution File, Format Version 12.00
# Visual Studio Version 17
VisualStudioVersion = 17.6.33626.354
MinimumVisualStudioVersion = 10.0.40219.1
Project("{9A19103F-16F7-4668-BE54-9A1E7A4F7556}") = "Mindscape.Raygun4Net4.Nuget.Tests", "Mindscape.Raygun4Net4.Nuget.Tests\Mindscape.Raygun4Net4.Nuget.Tests.csproj", "{BB46C4AC-3E8F-47A8-B00F-9F046C83E851}"
EndProject
Global
	GlobalSection(SolutionConfigurationPlatforms) = preSolution
		Debug|Any CPU = Debug|Any CPU
		Release|Any CPU = Release|Any CPU
	EndGlobalSection
	GlobalSection(ProjectConfigurationPlatforms) = postSolution
		{BB46C4AC-3E8F-47A8-B00F-9F046C83E851}.Debug|Any CPU.ActiveCfg = Debug|Any CPU
		{BB46C4AC-3E8F-47A8-B00F-9F046C83E851}.Debug|Any CPU.Build.0 = Debug|Any CPU
		{BB46C4AC-3E8F-47A8-B00F-9F046C83E851}.Release|Any CPU.ActiveCfg = Release|Any CPU
		{BB46C4AC-3E8F-47A8-B00F-9F046C83E851}.Release|Any CPU.Build.0 = Release|Any CPU
	EndGlobalSection
	GlobalSection(SolutionProperties) = preSolution
		HideSolutionNode = FALSE
	EndGlobalSection
	GlobalSection(ExtensibilityGlobals) = postSolution
		SolutionGuid = {FF8B9B59-3B07-4F8B-AC7A-0D0BC7B8180D}
	EndGlobalSection
EndGlobal
