
Microsoft Visual Studio Solution File, Format Version 12.00
# Visual Studio 2012
Project("{FAE04EC0-301F-11D3-BF4B-00C04F79EFBC}") = "Mindscape.Raygun4Net.Unity", "Mindscape.Raygun4Net.Unity\Mindscape.Raygun4Net.Unity.csproj", "{AEEEB86E-C775-4B53-BC02-E9A6F7078D19}"
EndProject
Global
	GlobalSection(SolutionConfigurationPlatforms) = preSolution
		Debug|Any CPU = Debug|Any CPU
		Release|Any CPU = Release|Any CPU
	EndGlobalSection
	GlobalSection(ProjectConfigurationPlatforms) = postSolution
		{AEEEB86E-C775-4B53-BC02-E9A6F7078D19}.Debug|Any CPU.ActiveCfg = Debug|Any CPU
		{AEEEB86E-C775-4B53-BC02-E9A6F7078D19}.Debug|Any CPU.Build.0 = Debug|Any CPU
		{AEEEB86E-C775-4B53-BC02-E9A6F7078D19}.Release|Any CPU.ActiveCfg = Release|Any CPU
		{AEEEB86E-C775-4B53-BC02-E9A6F7078D19}.Release|Any CPU.Build.0 = Release|Any CPU
	EndGlobalSection
	GlobalSection(SolutionProperties) = preSolution
		HideSolutionNode = FALSE
	EndGlobalSection
EndGlobal
