
Microsoft Visual Studio Solution File, Format Version 12.00
# Visual Studio 2012
Project("{FAE04EC0-301F-11D3-BF4B-00C04F79EFBC}") = "Mindscape.Raygun4Net.Xamarin.Mac", "Mindscape.Raygun4Net.Xamarin.Mac\Mindscape.Raygun4Net.Xamarin.Mac.csproj", "{B78E58F3-853F-4991-BFF6-5AECE0C04B91}"
EndProject
Project("{FAE04EC0-301F-11D3-BF4B-00C04F79EFBC}") = "Mindscape.Raygun4Net.Xamarin.Mac.Tests", "Mindscape.Raygun4Net.Xamarin.Mac.Tests\Mindscape.Raygun4Net.Xamarin.Mac.Tests.csproj", "{5DB13CB2-BF32-4ADD-98B0-F863478C29BE}"
EndProject
Project("{FAE04EC0-301F-11D3-BF4B-00C04F79EFBC}") = "Mindscape.Raygun4Net.Xamarin.Mac.Unified", "Mindscape.Raygun4Net.Xamarin.Mac.Unified\Mindscape.Raygun4Net.Xamarin.Mac.Unified.csproj", "{0D23E598-3C00-4337-A75D-DAB723724A58}"
EndProject
Project("{FAE04EC0-301F-11D3-BF4B-00C04F79EFBC}") = "Mindscape.Raygun4Net.Xamarin.Mac.Unified.Tests", "Mindscape.Raygun4Net.Xamarin.Mac.Unified.Tests\Mindscape.Raygun4Net.Xamarin.Mac.Unified.Tests.csproj", "{D797C327-B720-4E86-9DA0-0DCD2DCB1E4C}"
EndProject
Global
	GlobalSection(SolutionConfigurationPlatforms) = preSolution
		Debug|Any CPU = Debug|Any CPU
		Release|Any CPU = Release|Any CPU
	EndGlobalSection
	GlobalSection(ProjectConfigurationPlatforms) = postSolution
		{0D23E598-3C00-4337-A75D-DAB723724A58}.Debug|Any CPU.ActiveCfg = Debug|Any CPU
		{0D23E598-3C00-4337-A75D-DAB723724A58}.Debug|Any CPU.Build.0 = Debug|Any CPU
		{0D23E598-3C00-4337-A75D-DAB723724A58}.Release|Any CPU.ActiveCfg = Release|Any CPU
		{0D23E598-3C00-4337-A75D-DAB723724A58}.Release|Any CPU.Build.0 = Release|Any CPU
		{5DB13CB2-BF32-4ADD-98B0-F863478C29BE}.Debug|Any CPU.ActiveCfg = Debug|Any CPU
		{5DB13CB2-BF32-4ADD-98B0-F863478C29BE}.Debug|Any CPU.Build.0 = Debug|Any CPU
		{5DB13CB2-BF32-4ADD-98B0-F863478C29BE}.Release|Any CPU.ActiveCfg = Release|Any CPU
		{5DB13CB2-BF32-4ADD-98B0-F863478C29BE}.Release|Any CPU.Build.0 = Release|Any CPU
		{B78E58F3-853F-4991-BFF6-5AECE0C04B91}.Debug|Any CPU.ActiveCfg = Debug|Any CPU
		{B78E58F3-853F-4991-BFF6-5AECE0C04B91}.Debug|Any CPU.Build.0 = Debug|Any CPU
		{B78E58F3-853F-4991-BFF6-5AECE0C04B91}.Release|Any CPU.ActiveCfg = Release|Any CPU
		{B78E58F3-853F-4991-BFF6-5AECE0C04B91}.Release|Any CPU.Build.0 = Release|Any CPU
		{D797C327-B720-4E86-9DA0-0DCD2DCB1E4C}.Debug|Any CPU.ActiveCfg = Debug|Any CPU
		{D797C327-B720-4E86-9DA0-0DCD2DCB1E4C}.Debug|Any CPU.Build.0 = Debug|Any CPU
		{D797C327-B720-4E86-9DA0-0DCD2DCB1E4C}.Release|Any CPU.ActiveCfg = Release|Any CPU
		{D797C327-B720-4E86-9DA0-0DCD2DCB1E4C}.Release|Any CPU.Build.0 = Release|Any CPU
	EndGlobalSection
EndGlobal
