
Microsoft Visual Studio Solution File, Format Version 12.00
# Visual Studio 2012
Project("{FAE04EC0-301F-11D3-BF4B-00C04F79EFBC}") = "Mindscape.Raygun4Net.Xamarin.iOS", "Mindscape.Raygun4Net.Xamarin.iOS\Mindscape.Raygun4Net.Xamarin.iOS.csproj", "{E8B3C09D-8598-41AE-988F-20ABD4ED378B}"
EndProject
Project("{FAE04EC0-301F-11D3-BF4B-00C04F79EFBC}") = "Mindscape.Raygun4Net.Xamarin.iOS.Tests", "Mindscape.Raygun4Net.Xamarin.iOS.Tests\Mindscape.Raygun4Net.Xamarin.iOS.Tests.csproj", "{3B9AB03D-E9EF-4CC4-83FB-7C30987446DC}"
EndProject
Global
	GlobalSection(SolutionConfigurationPlatforms) = preSolution
		Debug|Any CPU = Debug|Any CPU
		Release|Any CPU = Release|Any CPU
	EndGlobalSection
	GlobalSection(ProjectConfigurationPlatforms) = postSolution
		{E8B3C09D-8598-41AE-988F-20ABD4ED378B}.Debug|Any CPU.ActiveCfg = Debug|Any CPU
		{E8B3C09D-8598-41AE-988F-20ABD4ED378B}.Debug|Any CPU.Build.0 = Debug|Any CPU
		{E8B3C09D-8598-41AE-988F-20ABD4ED378B}.Release|Any CPU.ActiveCfg = Release|Any CPU
		{E8B3C09D-8598-41AE-988F-20ABD4ED378B}.Release|Any CPU.Build.0 = Release|Any CPU
		{3B9AB03D-E9EF-4CC4-83FB-7C30987446DC}.Debug|Any CPU.ActiveCfg = Debug|Any CPU
		{3B9AB03D-E9EF-4CC4-83FB-7C30987446DC}.Debug|Any CPU.Build.0 = Debug|Any CPU
		{3B9AB03D-E9EF-4CC4-83FB-7C30987446DC}.Release|Any CPU.ActiveCfg = Release|Any CPU
		{3B9AB03D-E9EF-4CC4-83FB-7C30987446DC}.Release|Any CPU.Build.0 = Release|Any CPU
	EndGlobalSection
	GlobalSection(SolutionProperties) = preSolution
		HideSolutionNode = FALSE
	EndGlobalSection
EndGlobal
