
Microsoft Visual Studio Solution File, Format Version 12.00
# Visual Studio 2012
Project("{FAE04EC0-301F-11D3-BF4B-00C04F79EFBC}") = "Mindscape.Raygun4Net", "Mindscape.Raygun4Net\Mindscape.Raygun4Net.csproj", "{495E53B3-F3AF-4C4F-BAAF-865EFAA2F4A9}"
EndProject
Project("{2150E333-8FDC-42A3-9474-1A3956D46DE8}") = ".nuget", ".nuget", "{9EB26D75-825A-403C-90D3-F61398CBBD7C}"
	ProjectSection(SolutionItems) = preProject
		.nuget\NuGet.Config = .nuget\NuGet.Config
		.nuget\NuGet.exe = .nuget\NuGet.exe
		.nuget\NuGet.targets = .nuget\NuGet.targets
	EndProjectSection
EndProject
Project("{FAE04EC0-301F-11D3-BF4B-00C04F79EFBC}") = "Mindscape.Raygun4Net.Tests", "Mindscape.Raygun4Net.Tests\Mindscape.Raygun4Net.Tests.csproj", "{30696896-9463-441E-9789-C79F6BF7B793}"
EndProject
Project("{FAE04EC0-301F-11D3-BF4B-00C04F79EFBC}") = "Mindscape.Raygun4Net.WinRT", "Mindscape.Raygun4Net.WinRT\Mindscape.Raygun4Net.WinRT.csproj", "{AFA22CC1-26B1-48DD-BC78-C6DDE0CF51B5}"
EndProject
Project("{FAE04EC0-301F-11D3-BF4B-00C04F79EFBC}") = "Mindscape.Raygun4Net.Web", "Mindscape.Raygun4Net.Web\Mindscape.Raygun4Net.Web.csproj", "{A13D3BD4-AF17-4EB0-A054-932F4180D02E}"
EndProject
Global
	GlobalSection(SolutionConfigurationPlatforms) = preSolution
		Debug|Any CPU = Debug|Any CPU
		Release|Any CPU = Release|Any CPU
	EndGlobalSection
	GlobalSection(ProjectConfigurationPlatforms) = postSolution
		{495E53B3-F3AF-4C4F-BAAF-865EFAA2F4A9}.Debug|Any CPU.ActiveCfg = Debug|Any CPU
		{495E53B3-F3AF-4C4F-BAAF-865EFAA2F4A9}.Debug|Any CPU.Build.0 = Debug|Any CPU
		{495E53B3-F3AF-4C4F-BAAF-865EFAA2F4A9}.Release|Any CPU.ActiveCfg = Release|Any CPU
		{495E53B3-F3AF-4C4F-BAAF-865EFAA2F4A9}.Release|Any CPU.Build.0 = Release|Any CPU
		{30696896-9463-441E-9789-C79F6BF7B793}.Debug|Any CPU.ActiveCfg = Debug|Any CPU
		{30696896-9463-441E-9789-C79F6BF7B793}.Debug|Any CPU.Build.0 = Debug|Any CPU
		{30696896-9463-441E-9789-C79F6BF7B793}.Release|Any CPU.ActiveCfg = Release|Any CPU
		{30696896-9463-441E-9789-C79F6BF7B793}.Release|Any CPU.Build.0 = Release|Any CPU
		{AFA22CC1-26B1-48DD-BC78-C6DDE0CF51B5}.Debug|Any CPU.ActiveCfg = Debug|Any CPU
		{AFA22CC1-26B1-48DD-BC78-C6DDE0CF51B5}.Debug|Any CPU.Build.0 = Debug|Any CPU
		{AFA22CC1-26B1-48DD-BC78-C6DDE0CF51B5}.Release|Any CPU.ActiveCfg = Release|Any CPU
		{AFA22CC1-26B1-48DD-BC78-C6DDE0CF51B5}.Release|Any CPU.Build.0 = Release|Any CPU
		{A13D3BD4-AF17-4EB0-A054-932F4180D02E}.Debug|Any CPU.ActiveCfg = Debug|Any CPU
		{A13D3BD4-AF17-4EB0-A054-932F4180D02E}.Debug|Any CPU.Build.0 = Debug|Any CPU
		{A13D3BD4-AF17-4EB0-A054-932F4180D02E}.Release|Any CPU.ActiveCfg = Release|Any CPU
		{A13D3BD4-AF17-4EB0-A054-932F4180D02E}.Release|Any CPU.Build.0 = Release|Any CPU
	EndGlobalSection
	GlobalSection(SolutionProperties) = preSolution
		HideSolutionNode = FALSE
	EndGlobalSection
EndGlobal
