
Microsoft Visual Studio Solution File, Format Version 12.00
Project("{2150E333-8FDC-42A3-9474-1A3956D46DE8}") = ".NET Framework", ".NET Framework", "{A07C8060-78D8-4B10-88CC-F399257E8BED}"
EndProject
Project("{2150E333-8FDC-42A3-9474-1A3956D46DE8}") = ".NET", ".NET", "{5AAAF1EB-95FD-47E9-A3E1-A8B77CF49E56}"

EndProject
Project("{2150E333-8FDC-42A3-9474-1A3956D46DE8}") = "..nuspecs", "..nuspecs", "{E6E33F9C-2BAD-466D-A571-D9D5C8BEE7FA}"
	ProjectSection(SolutionItems) = preProject
		nuspecs\Mindscape.Raygun4Net.Azure.WebJob.nuspec = nuspecs\Mindscape.Raygun4Net.Azure.WebJob.nuspec
		nuspecs\Mindscape.Raygun4Net.Core.nuspec = nuspecs\Mindscape.Raygun4Net.Core.nuspec
		nuspecs\Mindscape.Raygun4Net.nuspec = nuspecs\Mindscape.Raygun4Net.nuspec
	EndProjectSection
EndProject
Project("{FAE04EC0-301F-11D3-BF4B-00C04F79EFBC}") = "Mindscape.Raygun4Net.AspNetCore", "Mindscape.Raygun4Net.AspNetCore\Mindscape.Raygun4Net.AspNetCore.csproj", "{BA3C3D49-0104-4958-9326-E964B7867200}"
EndProject
Project("{FAE04EC0-301F-11D3-BF4B-00C04F79EFBC}") = "Mindscape.Raygun4Net.AspNetCore.Tests", "Mindscape.Raygun4Net.AspNetCore.Tests\Mindscape.Raygun4Net.AspNetCore.Tests.csproj", "{817E16E5-B80D-4D8C-B5D5-98CB7D4FAC83}"
EndProject
Project("{FAE04EC0-301F-11D3-BF4B-00C04F79EFBC}") = "Mindscape.Raygun4Net.AspNetCore.Tests.TestLib", "Mindscape.Raygun4Net.AspNetCore.Tests.TestLib\Mindscape.Raygun4Net.AspNetCore.Tests.TestLib.csproj", "{C5D97D23-CBD0-42E6-AE5D-940D81F47FDD}"
EndProject
Project("{FAE04EC0-301F-11D3-BF4B-00C04F79EFBC}") = "Mindscape.Raygun4Net.NetCore", "Mindscape.Raygun4Net.NetCore\Mindscape.Raygun4Net.NetCore.csproj", "{EE8D4722-9B2F-462B-B0CD-FD1B596A33ED}"
EndProject
Project("{2150E333-8FDC-42A3-9474-1A3956D46DE8}") = "Azure Web Job", "Azure Web Job", "{A0AD6974-08E4-41A8-9D88-F34ED30015CE}"
EndProject
Project("{FAE04EC0-301F-11D3-BF4B-00C04F79EFBC}") = "Mindscape.Raygun4Net.Azure.WebJob", "Mindscape.Raygun4Net.Azure.WebJob\Mindscape.Raygun4Net.Azure.WebJob.csproj", "{CA9D9A01-C33B-4F17-AF07-0305E86764C8}"
EndProject
Project("{FAE04EC0-301F-11D3-BF4B-00C04F79EFBC}") = "Mindscape.Raygun4Net.NetCore.Common", "Mindscape.Raygun4Net.NetCore.Common\Mindscape.Raygun4Net.NetCore.Common.csproj", "{9CB9D012-3B01-445A-BA44-FB470DDE279E}"
EndProject
Project("{FAE04EC0-301F-11D3-BF4B-00C04F79EFBC}") = "Mindscape.Raygun4Net.NetCore.Tests", "Mindscape.Raygun4Net.NetCore.Tests\Mindscape.Raygun4Net.NetCore.Tests.csproj", "{216A000F-04CC-475A-9769-843C31D0424C}"
EndProject
Project("{2150E333-8FDC-42A3-9474-1A3956D46DE8}") = "Tests", "Tests", "{3A2DEED0-6A19-4D8B-BA49-2FC229533C8B}"
EndProject
Project("{FAE04EC0-301F-11D3-BF4B-00C04F79EFBC}") = "Mindscape.Raygun4Net.Core", "Mindscape.Raygun4Net.Core\Mindscape.Raygun4Net.Core.csproj", "{6435C84C-1DAC-41FE-AA51-FAA8E9A7F090}"
EndProject
Project("{FAE04EC0-301F-11D3-BF4B-00C04F79EFBC}") = "Mindscape.Raygun4Net.Mvc", "Mindscape.Raygun4Net.Mvc\Mindscape.Raygun4Net.Mvc.csproj", "{2CF1FE1F-AD2D-40BD-9F99-57FF00445A9D}"
EndProject
Project("{FAE04EC0-301F-11D3-BF4B-00C04F79EFBC}") = "Mindscape.Raygun4Net.WebApi", "Mindscape.Raygun4Net.WebApi\Mindscape.Raygun4Net.WebApi.csproj", "{5F72C401-B09D-46C4-873B-65F1B4B1AE09}"
EndProject
Project("{FAE04EC0-301F-11D3-BF4B-00C04F79EFBC}") = "Mindscape.Raygun4Net4", "Mindscape.Raygun4Net4\Mindscape.Raygun4Net4.csproj", "{6D1C7E96-5E04-421D-8E8A-B3C8C02FD41D}"
EndProject
Project("{2150E333-8FDC-42A3-9474-1A3956D46DE8}") = "Tests", "Tests", "{CA6237D9-BFC9-41DA-B2B7-EDC3681B8E7C}"
EndProject
Project("{FAE04EC0-301F-11D3-BF4B-00C04F79EFBC}") = "Mindscape.Raygun4Net.Mvc.Tests", "Mindscape.Raygun4Net.Mvc.Tests\Mindscape.Raygun4Net.Mvc.Tests.csproj", "{69BFF5D8-7B18-4685-B828-8DF2AADEA20D}"
EndProject
Project("{FAE04EC0-301F-11D3-BF4B-00C04F79EFBC}") = "Mindscape.Raygun4Net.Tests", "Mindscape.Raygun4Net.Tests\Mindscape.Raygun4Net.Tests.csproj", "{C6935911-2385-4788-B249-DB5CE1E3C1FE}"
EndProject
Project("{FAE04EC0-301F-11D3-BF4B-00C04F79EFBC}") = "Mindscape.Raygun4Net.WebApi.Tests", "Mindscape.Raygun4Net.WebApi.Tests\Mindscape.Raygun4Net.WebApi.Tests.csproj", "{80C7BB59-C753-4E64-9C8D-79B8D57C8215}"
EndProject
Project("{FAE04EC0-301F-11D3-BF4B-00C04F79EFBC}") = "Mindscape.Raygun4Net4.Integration.Tests", "Mindscape.Raygun4Net4.Intergration.Tests\Mindscape.Raygun4Net4.Integration.Tests.csproj", "{392DE005-7FFA-429B-A196-C2DED6A1AF2D}"
EndProject
Project("{FAE04EC0-301F-11D3-BF4B-00C04F79EFBC}") = "Mindscape.Raygun4Net4.Tests", "Mindscape.Raygun4Net4.Tests\Mindscape.Raygun4Net4.Tests.csproj", "{BC560F66-B06E-4C85-AC05-B889165AA818}"
EndProject
Project("{2150E333-8FDC-42A3-9474-1A3956D46DE8}") = "..Items", "..Items", "{1F1C64AB-5BBD-44AF-992A-6B7075E79B9D}"
	ProjectSection(SolutionItems) = preProject
		CHANGE-LOG.md = CHANGE-LOG.md
		Directory.Build.props = Directory.Build.props
		LICENSE = LICENSE
	EndProjectSection
EndProject
Project("{2150E333-8FDC-42A3-9474-1A3956D46DE8}") = "..nuget", "..nuget", "{615783C8-AEC5-4FE4-AADC-46B2849E337B}"
	ProjectSection(SolutionItems) = preProject
		.nuget\NuGet.Config = .nuget\NuGet.Config
		.nuget\NuGet.exe = .nuget\NuGet.exe
		.nuget\NuGet.targets = .nuget\NuGet.targets
		.nuget\packages.config = .nuget\packages.config
	EndProjectSection
EndProject
Global
	GlobalSection(SolutionConfigurationPlatforms) = preSolution
		Debug|Any CPU = Debug|Any CPU
		Release|Any CPU = Release|Any CPU
	EndGlobalSection
	GlobalSection(NestedProjects) = preSolution
		{BA3C3D49-0104-4958-9326-E964B7867200} = {5AAAF1EB-95FD-47E9-A3E1-A8B77CF49E56}
		{EE8D4722-9B2F-462B-B0CD-FD1B596A33ED} = {5AAAF1EB-95FD-47E9-A3E1-A8B77CF49E56}
		{CA9D9A01-C33B-4F17-AF07-0305E86764C8} = {A0AD6974-08E4-41A8-9D88-F34ED30015CE}
		{9CB9D012-3B01-445A-BA44-FB470DDE279E} = {5AAAF1EB-95FD-47E9-A3E1-A8B77CF49E56}
		{3A2DEED0-6A19-4D8B-BA49-2FC229533C8B} = {5AAAF1EB-95FD-47E9-A3E1-A8B77CF49E56}
		{817E16E5-B80D-4D8C-B5D5-98CB7D4FAC83} = {3A2DEED0-6A19-4D8B-BA49-2FC229533C8B}
		{C5D97D23-CBD0-42E6-AE5D-940D81F47FDD} = {3A2DEED0-6A19-4D8B-BA49-2FC229533C8B}
		{216A000F-04CC-475A-9769-843C31D0424C} = {3A2DEED0-6A19-4D8B-BA49-2FC229533C8B}
		{6435C84C-1DAC-41FE-AA51-FAA8E9A7F090} = {A07C8060-78D8-4B10-88CC-F399257E8BED}
		{2CF1FE1F-AD2D-40BD-9F99-57FF00445A9D} = {A07C8060-78D8-4B10-88CC-F399257E8BED}
		{5F72C401-B09D-46C4-873B-65F1B4B1AE09} = {A07C8060-78D8-4B10-88CC-F399257E8BED}
		{6D1C7E96-5E04-421D-8E8A-B3C8C02FD41D} = {A07C8060-78D8-4B10-88CC-F399257E8BED}
		{CA6237D9-BFC9-41DA-B2B7-EDC3681B8E7C} = {A07C8060-78D8-4B10-88CC-F399257E8BED}
		{69BFF5D8-7B18-4685-B828-8DF2AADEA20D} = {CA6237D9-BFC9-41DA-B2B7-EDC3681B8E7C}
		{C6935911-2385-4788-B249-DB5CE1E3C1FE} = {CA6237D9-BFC9-41DA-B2B7-EDC3681B8E7C}
		{80C7BB59-C753-4E64-9C8D-79B8D57C8215} = {CA6237D9-BFC9-41DA-B2B7-EDC3681B8E7C}
		{392DE005-7FFA-429B-A196-C2DED6A1AF2D} = {CA6237D9-BFC9-41DA-B2B7-EDC3681B8E7C}
		{BC560F66-B06E-4C85-AC05-B889165AA818} = {CA6237D9-BFC9-41DA-B2B7-EDC3681B8E7C}
	EndGlobalSection
	GlobalSection(ProjectConfigurationPlatforms) = postSolution
		{BA3C3D49-0104-4958-9326-E964B7867200}.Debug|Any CPU.ActiveCfg = Debug|Any CPU
		{BA3C3D49-0104-4958-9326-E964B7867200}.Debug|Any CPU.Build.0 = Debug|Any CPU
		{BA3C3D49-0104-4958-9326-E964B7867200}.Release|Any CPU.ActiveCfg = Release|Any CPU
		{BA3C3D49-0104-4958-9326-E964B7867200}.Release|Any CPU.Build.0 = Release|Any CPU
		{817E16E5-B80D-4D8C-B5D5-98CB7D4FAC83}.Debug|Any CPU.ActiveCfg = Debug|Any CPU
		{817E16E5-B80D-4D8C-B5D5-98CB7D4FAC83}.Debug|Any CPU.Build.0 = Debug|Any CPU
		{817E16E5-B80D-4D8C-B5D5-98CB7D4FAC83}.Release|Any CPU.ActiveCfg = Release|Any CPU
		{817E16E5-B80D-4D8C-B5D5-98CB7D4FAC83}.Release|Any CPU.Build.0 = Release|Any CPU
		{C5D97D23-CBD0-42E6-AE5D-940D81F47FDD}.Debug|Any CPU.ActiveCfg = Debug|Any CPU
		{C5D97D23-CBD0-42E6-AE5D-940D81F47FDD}.Debug|Any CPU.Build.0 = Debug|Any CPU
		{C5D97D23-CBD0-42E6-AE5D-940D81F47FDD}.Release|Any CPU.ActiveCfg = Release|Any CPU
		{C5D97D23-CBD0-42E6-AE5D-940D81F47FDD}.Release|Any CPU.Build.0 = Release|Any CPU
		{EE8D4722-9B2F-462B-B0CD-FD1B596A33ED}.Debug|Any CPU.ActiveCfg = Debug|Any CPU
		{EE8D4722-9B2F-462B-B0CD-FD1B596A33ED}.Debug|Any CPU.Build.0 = Debug|Any CPU
		{EE8D4722-9B2F-462B-B0CD-FD1B596A33ED}.Release|Any CPU.ActiveCfg = Release|Any CPU
		{EE8D4722-9B2F-462B-B0CD-FD1B596A33ED}.Release|Any CPU.Build.0 = Release|Any CPU
		{CA9D9A01-C33B-4F17-AF07-0305E86764C8}.Debug|Any CPU.ActiveCfg = Debug|Any CPU
		{CA9D9A01-C33B-4F17-AF07-0305E86764C8}.Debug|Any CPU.Build.0 = Debug|Any CPU
		{CA9D9A01-C33B-4F17-AF07-0305E86764C8}.Release|Any CPU.ActiveCfg = Release|Any CPU
		{CA9D9A01-C33B-4F17-AF07-0305E86764C8}.Release|Any CPU.Build.0 = Release|Any CPU
		{9CB9D012-3B01-445A-BA44-FB470DDE279E}.Debug|Any CPU.ActiveCfg = Debug|Any CPU
		{9CB9D012-3B01-445A-BA44-FB470DDE279E}.Debug|Any CPU.Build.0 = Debug|Any CPU
		{9CB9D012-3B01-445A-BA44-FB470DDE279E}.Release|Any CPU.ActiveCfg = Release|Any CPU
		{9CB9D012-3B01-445A-BA44-FB470DDE279E}.Release|Any CPU.Build.0 = Release|Any CPU
		{216A000F-04CC-475A-9769-843C31D0424C}.Debug|Any CPU.ActiveCfg = Debug|Any CPU
		{216A000F-04CC-475A-9769-843C31D0424C}.Debug|Any CPU.Build.0 = Debug|Any CPU
		{216A000F-04CC-475A-9769-843C31D0424C}.Release|Any CPU.ActiveCfg = Release|Any CPU
		{216A000F-04CC-475A-9769-843C31D0424C}.Release|Any CPU.Build.0 = Release|Any CPU
		{6435C84C-1DAC-41FE-AA51-FAA8E9A7F090}.Debug|Any CPU.ActiveCfg = Debug|Any CPU
		{6435C84C-1DAC-41FE-AA51-FAA8E9A7F090}.Debug|Any CPU.Build.0 = Debug|Any CPU
		{6435C84C-1DAC-41FE-AA51-FAA8E9A7F090}.Release|Any CPU.ActiveCfg = Release|Any CPU
		{6435C84C-1DAC-41FE-AA51-FAA8E9A7F090}.Release|Any CPU.Build.0 = Release|Any CPU
		{2CF1FE1F-AD2D-40BD-9F99-57FF00445A9D}.Debug|Any CPU.ActiveCfg = Debug|Any CPU
		{2CF1FE1F-AD2D-40BD-9F99-57FF00445A9D}.Debug|Any CPU.Build.0 = Debug|Any CPU
		{2CF1FE1F-AD2D-40BD-9F99-57FF00445A9D}.Release|Any CPU.ActiveCfg = Release|Any CPU
		{2CF1FE1F-AD2D-40BD-9F99-57FF00445A9D}.Release|Any CPU.Build.0 = Release|Any CPU
		{5F72C401-B09D-46C4-873B-65F1B4B1AE09}.Debug|Any CPU.ActiveCfg = Debug|Any CPU
		{5F72C401-B09D-46C4-873B-65F1B4B1AE09}.Debug|Any CPU.Build.0 = Debug|Any CPU
		{5F72C401-B09D-46C4-873B-65F1B4B1AE09}.Release|Any CPU.ActiveCfg = Release|Any CPU
		{5F72C401-B09D-46C4-873B-65F1B4B1AE09}.Release|Any CPU.Build.0 = Release|Any CPU
		{6D1C7E96-5E04-421D-8E8A-B3C8C02FD41D}.Debug|Any CPU.ActiveCfg = Debug|Any CPU
		{6D1C7E96-5E04-421D-8E8A-B3C8C02FD41D}.Debug|Any CPU.Build.0 = Debug|Any CPU
		{6D1C7E96-5E04-421D-8E8A-B3C8C02FD41D}.Release|Any CPU.ActiveCfg = Release|Any CPU
		{6D1C7E96-5E04-421D-8E8A-B3C8C02FD41D}.Release|Any CPU.Build.0 = Release|Any CPU
		{69BFF5D8-7B18-4685-B828-8DF2AADEA20D}.Debug|Any CPU.ActiveCfg = Debug|Any CPU
		{69BFF5D8-7B18-4685-B828-8DF2AADEA20D}.Debug|Any CPU.Build.0 = Debug|Any CPU
		{69BFF5D8-7B18-4685-B828-8DF2AADEA20D}.Release|Any CPU.ActiveCfg = Release|Any CPU
		{69BFF5D8-7B18-4685-B828-8DF2AADEA20D}.Release|Any CPU.Build.0 = Release|Any CPU
		{C6935911-2385-4788-B249-DB5CE1E3C1FE}.Debug|Any CPU.ActiveCfg = Debug|Any CPU
		{C6935911-2385-4788-B249-DB5CE1E3C1FE}.Debug|Any CPU.Build.0 = Debug|Any CPU
		{C6935911-2385-4788-B249-DB5CE1E3C1FE}.Release|Any CPU.ActiveCfg = Release|Any CPU
		{C6935911-2385-4788-B249-DB5CE1E3C1FE}.Release|Any CPU.Build.0 = Release|Any CPU
		{80C7BB59-C753-4E64-9C8D-79B8D57C8215}.Debug|Any CPU.ActiveCfg = Debug|Any CPU
		{80C7BB59-C753-4E64-9C8D-79B8D57C8215}.Debug|Any CPU.Build.0 = Debug|Any CPU
		{80C7BB59-C753-4E64-9C8D-79B8D57C8215}.Release|Any CPU.ActiveCfg = Release|Any CPU
		{80C7BB59-C753-4E64-9C8D-79B8D57C8215}.Release|Any CPU.Build.0 = Release|Any CPU
		{392DE005-7FFA-429B-A196-C2DED6A1AF2D}.Debug|Any CPU.ActiveCfg = Debug|Any CPU
		{392DE005-7FFA-429B-A196-C2DED6A1AF2D}.Debug|Any CPU.Build.0 = Debug|Any CPU
		{392DE005-7FFA-429B-A196-C2DED6A1AF2D}.Release|Any CPU.ActiveCfg = Release|Any CPU
		{392DE005-7FFA-429B-A196-C2DED6A1AF2D}.Release|Any CPU.Build.0 = Release|Any CPU
		{BC560F66-B06E-4C85-AC05-B889165AA818}.Debug|Any CPU.ActiveCfg = Debug|Any CPU
		{BC560F66-B06E-4C85-AC05-B889165AA818}.Debug|Any CPU.Build.0 = Debug|Any CPU
		{BC560F66-B06E-4C85-AC05-B889165AA818}.Release|Any CPU.ActiveCfg = Release|Any CPU
		{BC560F66-B06E-4C85-AC05-B889165AA818}.Release|Any CPU.Build.0 = Release|Any CPU
	EndGlobalSection
EndGlobal
