
Microsoft Visual Studio Solution File, Format Version 12.00
# Visual Studio Version 17
VisualStudioVersion = 17.6.33626.354
MinimumVisualStudioVersion = 10.0.40219.1
Project("{9A19103F-16F7-4668-BE54-9A1E7A4F7556}") = "Mindscape.Raygun4Net4.Nuget.Tests", "Mindscape.Raygun4Net4.Nuget.Tests.csproj", "{B9A37A0A-291B-45F9-A37D-A513A808AE9E}"
EndProject
Global
	GlobalSection(SolutionConfigurationPlatforms) = preSolution
		Debug|Any CPU = Debug|Any CPU
		Nuget|Any CPU = Nuget|Any CPU
		Release|Any CPU = Release|Any CPU
	EndGlobalSection
	GlobalSection(ProjectConfigurationPlatforms) = postSolution
		{B9A37A0A-291B-45F9-A37D-A513A808AE9E}.Debug|Any CPU.ActiveCfg = Debug|Any CPU
		{B9A37A0A-291B-45F9-A37D-A513A808AE9E}.Debug|Any CPU.Build.0 = Debug|Any CPU
		{B9A37A0A-291B-45F9-A37D-A513A808AE9E}.Nuget|Any CPU.ActiveCfg = Nuget|Any CPU
		{B9A37A0A-291B-45F9-A37D-A513A808AE9E}.Nuget|Any CPU.Build.0 = Nuget|Any CPU
		{B9A37A0A-291B-45F9-A37D-A513A808AE9E}.Release|Any CPU.ActiveCfg = Release|Any CPU
		{B9A37A0A-291B-45F9-A37D-A513A808AE9E}.Release|Any CPU.Build.0 = Release|Any CPU
	EndGlobalSection
	GlobalSection(SolutionProperties) = preSolution
		HideSolutionNode = FALSE
	EndGlobalSection
	GlobalSection(ExtensibilityGlobals) = postSolution
		SolutionGuid = {FF8B9B59-3B07-4F8B-AC7A-0D0BC7B8180D}
	EndGlobalSection
EndGlobal
