
Microsoft Visual Studio Solution File, Format Version 12.00
# Visual Studio Version 17
VisualStudioVersion = 17.0.31611.283
MinimumVisualStudioVersion = 10.0.40219.1
Project("{9A19103F-16F7-4668-BE54-9A1E7A4F7556}") = "SampleApp", "SampleApp\SampleApp.csproj", "{E784FA56-720E-46DE-932E-868095635206}"
EndProject
Project("{9A19103F-16F7-4668-BE54-9A1E7A4F7556}") = "MauiApp1", "MauiApp1\MauiApp1.csproj", "{9C209218-52BE-4CCA-8E8F-80676FB6FAF6}"
EndProject
Global
	GlobalSection(SolutionConfigurationPlatforms) = preSolution
		Debug|Any CPU = Debug|Any CPU
		Release|Any CPU = Release|Any CPU
	EndGlobalSection
	GlobalSection(ProjectConfigurationPlatforms) = postSolution
		{E784FA56-720E-46DE-932E-868095635206}.Debug|Any CPU.ActiveCfg = Debug|Any CPU
		{E784FA56-720E-46DE-932E-868095635206}.Debug|Any CPU.Build.0 = Debug|Any CPU
		{E784FA56-720E-46DE-932E-868095635206}.Debug|Any CPU.Deploy.0 = Debug|Any CPU
		{E784FA56-720E-46DE-932E-868095635206}.Release|Any CPU.ActiveCfg = Release|Any CPU
		{E784FA56-720E-46DE-932E-868095635206}.Release|Any CPU.Build.0 = Release|Any CPU
		{E784FA56-720E-46DE-932E-868095635206}.Release|Any CPU.Deploy.0 = Release|Any CPU
		{9C209218-52BE-4CCA-8E8F-80676FB6FAF6}.Debug|Any CPU.ActiveCfg = Debug|Any CPU
		{9C209218-52BE-4CCA-8E8F-80676FB6FAF6}.Debug|Any CPU.Build.0 = Debug|Any CPU
		{9C209218-52BE-4CCA-8E8F-80676FB6FAF6}.Debug|Any CPU.Deploy.0 = Debug|Any CPU
		{9C209218-52BE-4CCA-8E8F-80676FB6FAF6}.Release|Any CPU.ActiveCfg = Release|Any CPU
		{9C209218-52BE-4CCA-8E8F-80676FB6FAF6}.Release|Any CPU.Build.0 = Release|Any CPU
		{9C209218-52BE-4CCA-8E8F-80676FB6FAF6}.Release|Any CPU.Deploy.0 = Release|Any CPU
	EndGlobalSection
	GlobalSection(SolutionProperties) = preSolution
		HideSolutionNode = FALSE
	EndGlobalSection
	GlobalSection(ExtensibilityGlobals) = postSolution
		SolutionGuid = {61F7FB11-1E47-470C-91E2-47F8143E1572}
	EndGlobalSection
EndGlobal
